
Microsoft Visual Studio Solution File, Format Version 12.00
# Visual Studio Version 17
VisualStudioVersion = 17.8.34316.72
MinimumVisualStudioVersion = 10.0.40219.1
Project("{9A19103F-16F7-4668-BE54-9A1E7A4F7556}") = "Telahi.DotNet", "Telahi.DotNet\Telahi.DotNet.csproj", "{FDE69880-B776-40F1-AAA8-E927CA80336F}"
EndProject
Project("{2150E333-8FDC-42A3-9474-1A3956D46DE8}") = "Notes", "Notes", "{668C6CB9-F7DC-4085-9365-14BEB75C1D8B}"
	ProjectSection(SolutionItems) = preProject
		01_ProjectsManagment.txt = 01_ProjectsManagment.txt
		02_Classes.txt.txt = 02_Classes.txt.txt
		03_Windows.txt = 03_Windows.txt
	EndProjectSection
EndProject
Project("{9A19103F-16F7-4668-BE54-9A1E7A4F7556}") = "Telahi.DotNet.OOP", "Telahi.DotNet.OOP\Telahi.DotNet.OOP.csproj", "{F5D74581-3694-4FC6-BD1B-0C23CBE1B995}"
EndProject
Project("{9A19103F-16F7-4668-BE54-9A1E7A4F7556}") = "Telahi.DotNet.OOP.Testing", "Telahi.DotNet.OOP.Testing\Telahi.DotNet.OOP.Testing.csproj", "{D55D598B-B160-4D83-BE68-FA55B9A0956F}"
EndProject
Project("{FAE04EC0-301F-11D3-BF4B-00C04F79EFBC}") = "Telahi.WPF", "Telahi.WPF\Telahi.WPF.csproj", "{89A4CF1A-1C36-4B5F-BEFC-BC01AE503AE3}"
EndProject
Global
	GlobalSection(SolutionConfigurationPlatforms) = preSolution
		Debug|Any CPU = Debug|Any CPU
		Release|Any CPU = Release|Any CPU
	EndGlobalSection
	GlobalSection(ProjectConfigurationPlatforms) = postSolution
		{FDE69880-B776-40F1-AAA8-E927CA80336F}.Debug|Any CPU.ActiveCfg = Debug|Any CPU
		{FDE69880-B776-40F1-AAA8-E927CA80336F}.Debug|Any CPU.Build.0 = Debug|Any CPU
		{FDE69880-B776-40F1-AAA8-E927CA80336F}.Release|Any CPU.ActiveCfg = Release|Any CPU
		{FDE69880-B776-40F1-AAA8-E927CA80336F}.Release|Any CPU.Build.0 = Release|Any CPU
		{F5D74581-3694-4FC6-BD1B-0C23CBE1B995}.Debug|Any CPU.ActiveCfg = Debug|Any CPU
		{F5D74581-3694-4FC6-BD1B-0C23CBE1B995}.Debug|Any CPU.Build.0 = Debug|Any CPU
		{F5D74581-3694-4FC6-BD1B-0C23CBE1B995}.Release|Any CPU.ActiveCfg = Release|Any CPU
		{F5D74581-3694-4FC6-BD1B-0C23CBE1B995}.Release|Any CPU.Build.0 = Release|Any CPU
		{D55D598B-B160-4D83-BE68-FA55B9A0956F}.Debug|Any CPU.ActiveCfg = Debug|Any CPU
		{D55D598B-B160-4D83-BE68-FA55B9A0956F}.Debug|Any CPU.Build.0 = Debug|Any CPU
		{D55D598B-B160-4D83-BE68-FA55B9A0956F}.Release|Any CPU.ActiveCfg = Release|Any CPU
		{D55D598B-B160-4D83-BE68-FA55B9A0956F}.Release|Any CPU.Build.0 = Release|Any CPU
		{89A4CF1A-1C36-4B5F-BEFC-BC01AE503AE3}.Debug|Any CPU.ActiveCfg = Debug|Any CPU
		{89A4CF1A-1C36-4B5F-BEFC-BC01AE503AE3}.Debug|Any CPU.Build.0 = Debug|Any CPU
		{89A4CF1A-1C36-4B5F-BEFC-BC01AE503AE3}.Release|Any CPU.ActiveCfg = Release|Any CPU
		{89A4CF1A-1C36-4B5F-BEFC-BC01AE503AE3}.Release|Any CPU.Build.0 = Release|Any CPU
	EndGlobalSection
	GlobalSection(SolutionProperties) = preSolution
		HideSolutionNode = FALSE
	EndGlobalSection
	GlobalSection(ExtensibilityGlobals) = postSolution
		SolutionGuid = {0CE45216-EB38-4C2A-90C1-2364C40E7A25}
	EndGlobalSection
EndGlobal
